
Microsoft Visual Studio Solution File, Format Version 12.00
# Visual Studio Version 17
VisualStudioVersion = 17.14.36603.0 d17.14
MinimumVisualStudioVersion = 10.0.40219.1
Project("{FAE04EC0-301F-11D3-BF4B-00C04F79EFBC}") = "DemoAIAPI", "DemoAIAPI\DemoAIAPI.csproj", "{182F2F4F-8AA1-4721-A1DD-4B7C4C396D9C}"
EndProject
Global
	GlobalSection(SolutionConfigurationPlatforms) = preSolution
		Debug|Any CPU = Debug|Any CPU
		Release|Any CPU = Release|Any CPU
	EndGlobalSection
	GlobalSection(ProjectConfigurationPlatforms) = postSolution
		{182F2F4F-8AA1-4721-A1DD-4B7C4C396D9C}.Debug|Any CPU.ActiveCfg = Debug|Any CPU
		{182F2F4F-8AA1-4721-A1DD-4B7C4C396D9C}.Debug|Any CPU.Build.0 = Debug|Any CPU
		{182F2F4F-8AA1-4721-A1DD-4B7C4C396D9C}.Release|Any CPU.ActiveCfg = Release|Any CPU
		{182F2F4F-8AA1-4721-A1DD-4B7C4C396D9C}.Release|Any CPU.Build.0 = Release|Any CPU
	EndGlobalSection
	GlobalSection(SolutionProperties) = preSolution
		HideSolutionNode = FALSE
	EndGlobalSection
	GlobalSection(ExtensibilityGlobals) = postSolution
		SolutionGuid = {246D9360-0E0F-459B-B68C-371960534840}
	EndGlobalSection
EndGlobal
